
Microsoft Visual Studio Solution File, Format Version 12.00
# Visual Studio Version 17
VisualStudioVersion = 17.3.32929.385
MinimumVisualStudioVersion = 10.0.40219.1
Project("{9A19103F-16F7-4668-BE54-9A1E7A4F7556}") = "DesafioFundamentos", "DesafioFundamentos.csproj", "{AE02F346-F5EB-4B72-9E4F-2CA4CFF5CCE4}"
EndProject
Global
	GlobalSection(SolutionConfigurationPlatforms) = preSolution
		Debug|Any CPU = Debug|Any CPU
		Release|Any CPU = Release|Any CPU
	EndGlobalSection
	GlobalSection(ProjectConfigurationPlatforms) = postSolution
		{AE02F346-F5EB-4B72-9E4F-2CA4CFF5CCE4}.Debug|Any CPU.ActiveCfg = Debug|Any CPU
		{AE02F346-F5EB-4B72-9E4F-2CA4CFF5CCE4}.Debug|Any CPU.Build.0 = Debug|Any CPU
		{AE02F346-F5EB-4B72-9E4F-2CA4CFF5CCE4}.Release|Any CPU.ActiveCfg = Release|Any CPU
		{AE02F346-F5EB-4B72-9E4F-2CA4CFF5CCE4}.Release|Any CPU.Build.0 = Release|Any CPU
	EndGlobalSection
	GlobalSection(SolutionProperties) = preSolution
		HideSolutionNode = FALSE
	EndGlobalSection
	GlobalSection(ExtensibilityGlobals) = postSolution
		SolutionGuid = {EBDA0167-FE2F-4467-AE5A-EFC67637A677}
	EndGlobalSection
EndGlobal
